
Microsoft Visual Studio Solution File, Format Version 12.00
# Visual Studio Version 16
VisualStudioVersion = 16.0.29709.97
MinimumVisualStudioVersion = 10.0.40219.1
Project("{FAE04EC0-301F-11D3-BF4B-00C04F79EFBC}") = "InitiativeTracker.Android", "InitiativeTracker.Android\InitiativeTracker.Android.csproj", "{2A64675E-8697-453E-8B94-C60A9C17E17A}"
EndProject
Project("{FAE04EC0-301F-11D3-BF4B-00C04F79EFBC}") = "InitiativeTracker.iOS", "InitiativeTracker.iOS\InitiativeTracker.iOS.csproj", "{3AD8FEAF-22BF-44AB-80AB-CE0E2505FBE6}"
EndProject
Project("{FAE04EC0-301F-11D3-BF4B-00C04F79EFBC}") = "InitiativeTracker", "InitiativeTracker\InitiativeTracker.csproj", "{A9B20889-2230-4100-B64D-6485CA2A3206}"
EndProject
Project("{FAE04EC0-301F-11D3-BF4B-00C04F79EFBC}") = "DataLayer", "..\DataLayer\DataLayer.csproj", "{8FDF2B32-B6FE-4266-9652-EABD49F79375}"
EndProject
Global
	GlobalSection(SolutionConfigurationPlatforms) = preSolution
		Debug|Any CPU = Debug|Any CPU
		Debug|iPhone = Debug|iPhone
		Debug|iPhoneSimulator = Debug|iPhoneSimulator
		Release|Any CPU = Release|Any CPU
		Release|iPhone = Release|iPhone
		Release|iPhoneSimulator = Release|iPhoneSimulator
	EndGlobalSection
	GlobalSection(ProjectConfigurationPlatforms) = postSolution
		{2A64675E-8697-453E-8B94-C60A9C17E17A}.Debug|Any CPU.ActiveCfg = Debug|Any CPU
		{2A64675E-8697-453E-8B94-C60A9C17E17A}.Debug|Any CPU.Build.0 = Debug|Any CPU
		{2A64675E-8697-453E-8B94-C60A9C17E17A}.Debug|Any CPU.Deploy.0 = Debug|Any CPU
		{2A64675E-8697-453E-8B94-C60A9C17E17A}.Debug|iPhone.ActiveCfg = Debug|Any CPU
		{2A64675E-8697-453E-8B94-C60A9C17E17A}.Debug|iPhone.Build.0 = Debug|Any CPU
		{2A64675E-8697-453E-8B94-C60A9C17E17A}.Debug|iPhone.Deploy.0 = Debug|Any CPU
		{2A64675E-8697-453E-8B94-C60A9C17E17A}.Debug|iPhoneSimulator.ActiveCfg = Debug|Any CPU
		{2A64675E-8697-453E-8B94-C60A9C17E17A}.Debug|iPhoneSimulator.Build.0 = Debug|Any CPU
		{2A64675E-8697-453E-8B94-C60A9C17E17A}.Debug|iPhoneSimulator.Deploy.0 = Debug|Any CPU
		{2A64675E-8697-453E-8B94-C60A9C17E17A}.Release|Any CPU.ActiveCfg = Release|Any CPU
		{2A64675E-8697-453E-8B94-C60A9C17E17A}.Release|Any CPU.Build.0 = Release|Any CPU
		{2A64675E-8697-453E-8B94-C60A9C17E17A}.Release|Any CPU.Deploy.0 = Release|Any CPU
		{2A64675E-8697-453E-8B94-C60A9C17E17A}.Release|iPhone.ActiveCfg = Release|Any CPU
		{2A64675E-8697-453E-8B94-C60A9C17E17A}.Release|iPhone.Build.0 = Release|Any CPU
		{2A64675E-8697-453E-8B94-C60A9C17E17A}.Release|iPhone.Deploy.0 = Release|Any CPU
		{2A64675E-8697-453E-8B94-C60A9C17E17A}.Release|iPhoneSimulator.ActiveCfg = Release|Any CPU
		{2A64675E-8697-453E-8B94-C60A9C17E17A}.Release|iPhoneSimulator.Build.0 = Release|Any CPU
		{2A64675E-8697-453E-8B94-C60A9C17E17A}.Release|iPhoneSimulator.Deploy.0 = Release|Any CPU
		{3AD8FEAF-22BF-44AB-80AB-CE0E2505FBE6}.Debug|Any CPU.ActiveCfg = Debug|iPhoneSimulator
		{3AD8FEAF-22BF-44AB-80AB-CE0E2505FBE6}.Debug|Any CPU.Build.0 = Debug|iPhoneSimulator
		{3AD8FEAF-22BF-44AB-80AB-CE0E2505FBE6}.Debug|Any CPU.Deploy.0 = Debug|iPhoneSimulator
		{3AD8FEAF-22BF-44AB-80AB-CE0E2505FBE6}.Debug|iPhone.ActiveCfg = Debug|iPhone
		{3AD8FEAF-22BF-44AB-80AB-CE0E2505FBE6}.Debug|iPhone.Build.0 = Debug|iPhone
		{3AD8FEAF-22BF-44AB-80AB-CE0E2505FBE6}.Debug|iPhone.Deploy.0 = Debug|iPhone
		{3AD8FEAF-22BF-44AB-80AB-CE0E2505FBE6}.Debug|iPhoneSimulator.ActiveCfg = Debug|iPhoneSimulator
		{3AD8FEAF-22BF-44AB-80AB-CE0E2505FBE6}.Debug|iPhoneSimulator.Build.0 = Debug|iPhoneSimulator
		{3AD8FEAF-22BF-44AB-80AB-CE0E2505FBE6}.Debug|iPhoneSimulator.Deploy.0 = Debug|iPhoneSimulator
		{3AD8FEAF-22BF-44AB-80AB-CE0E2505FBE6}.Release|Any CPU.ActiveCfg = Release|iPhone
		{3AD8FEAF-22BF-44AB-80AB-CE0E2505FBE6}.Release|Any CPU.Build.0 = Release|iPhone
		{3AD8FEAF-22BF-44AB-80AB-CE0E2505FBE6}.Release|Any CPU.Deploy.0 = Release|iPhone
		{3AD8FEAF-22BF-44AB-80AB-CE0E2505FBE6}.Release|iPhone.ActiveCfg = Release|iPhone
		{3AD8FEAF-22BF-44AB-80AB-CE0E2505FBE6}.Release|iPhone.Build.0 = Release|iPhone
		{3AD8FEAF-22BF-44AB-80AB-CE0E2505FBE6}.Release|iPhone.Deploy.0 = Release|iPhone
		{3AD8FEAF-22BF-44AB-80AB-CE0E2505FBE6}.Release|iPhoneSimulator.ActiveCfg = Release|iPhoneSimulator
		{3AD8FEAF-22BF-44AB-80AB-CE0E2505FBE6}.Release|iPhoneSimulator.Build.0 = Release|iPhoneSimulator
		{3AD8FEAF-22BF-44AB-80AB-CE0E2505FBE6}.Release|iPhoneSimulator.Deploy.0 = Release|iPhoneSimulator
		{A9B20889-2230-4100-B64D-6485CA2A3206}.Debug|Any CPU.ActiveCfg = Debug|Any CPU
		{A9B20889-2230-4100-B64D-6485CA2A3206}.Debug|Any CPU.Build.0 = Debug|Any CPU
		{A9B20889-2230-4100-B64D-6485CA2A3206}.Debug|Any CPU.Deploy.0 = Debug|Any CPU
		{A9B20889-2230-4100-B64D-6485CA2A3206}.Debug|iPhone.ActiveCfg = Debug|Any CPU
		{A9B20889-2230-4100-B64D-6485CA2A3206}.Debug|iPhone.Build.0 = Debug|Any CPU
		{A9B20889-2230-4100-B64D-6485CA2A3206}.Debug|iPhone.Deploy.0 = Debug|Any CPU
		{A9B20889-2230-4100-B64D-6485CA2A3206}.Debug|iPhoneSimulator.ActiveCfg = Debug|Any CPU
		{A9B20889-2230-4100-B64D-6485CA2A3206}.Debug|iPhoneSimulator.Build.0 = Debug|Any CPU
		{A9B20889-2230-4100-B64D-6485CA2A3206}.Debug|iPhoneSimulator.Deploy.0 = Debug|Any CPU
		{A9B20889-2230-4100-B64D-6485CA2A3206}.Release|Any CPU.ActiveCfg = Release|Any CPU
		{A9B20889-2230-4100-B64D-6485CA2A3206}.Release|Any CPU.Build.0 = Release|Any CPU
		{A9B20889-2230-4100-B64D-6485CA2A3206}.Release|Any CPU.Deploy.0 = Release|Any CPU
		{A9B20889-2230-4100-B64D-6485CA2A3206}.Release|iPhone.ActiveCfg = Release|Any CPU
		{A9B20889-2230-4100-B64D-6485CA2A3206}.Release|iPhone.Build.0 = Release|Any CPU
		{A9B20889-2230-4100-B64D-6485CA2A3206}.Release|iPhone.Deploy.0 = Release|Any CPU
		{A9B20889-2230-4100-B64D-6485CA2A3206}.Release|iPhoneSimulator.ActiveCfg = Release|Any CPU
		{A9B20889-2230-4100-B64D-6485CA2A3206}.Release|iPhoneSimulator.Build.0 = Release|Any CPU
		{A9B20889-2230-4100-B64D-6485CA2A3206}.Release|iPhoneSimulator.Deploy.0 = Release|Any CPU
		{8FDF2B32-B6FE-4266-9652-EABD49F79375}.Debug|Any CPU.ActiveCfg = Debug|Any CPU
		{8FDF2B32-B6FE-4266-9652-EABD49F79375}.Debug|Any CPU.Build.0 = Debug|Any CPU
		{8FDF2B32-B6FE-4266-9652-EABD49F79375}.Debug|iPhone.ActiveCfg = Debug|Any CPU
		{8FDF2B32-B6FE-4266-9652-EABD49F79375}.Debug|iPhone.Build.0 = Debug|Any CPU
		{8FDF2B32-B6FE-4266-9652-EABD49F79375}.Debug|iPhoneSimulator.ActiveCfg = Debug|Any CPU
		{8FDF2B32-B6FE-4266-9652-EABD49F79375}.Debug|iPhoneSimulator.Build.0 = Debug|Any CPU
		{8FDF2B32-B6FE-4266-9652-EABD49F79375}.Release|Any CPU.ActiveCfg = Release|Any CPU
		{8FDF2B32-B6FE-4266-9652-EABD49F79375}.Release|Any CPU.Build.0 = Release|Any CPU
		{8FDF2B32-B6FE-4266-9652-EABD49F79375}.Release|iPhone.ActiveCfg = Release|Any CPU
		{8FDF2B32-B6FE-4266-9652-EABD49F79375}.Release|iPhone.Build.0 = Release|Any CPU
		{8FDF2B32-B6FE-4266-9652-EABD49F79375}.Release|iPhoneSimulator.ActiveCfg = Release|Any CPU
		{8FDF2B32-B6FE-4266-9652-EABD49F79375}.Release|iPhoneSimulator.Build.0 = Release|Any CPU
	EndGlobalSection
	GlobalSection(SolutionProperties) = preSolution
		HideSolutionNode = FALSE
	EndGlobalSection
	GlobalSection(ExtensibilityGlobals) = postSolution
		SolutionGuid = {8FE698F7-33A5-4C65-A7AC-91270950BB69}
	EndGlobalSection
EndGlobal
